
Microsoft Visual Studio Solution File, Format Version 12.00
# Visual Studio Version 16
VisualStudioVersion = 16.0.30503.244
MinimumVisualStudioVersion = 10.0.40219.1
Project("{FAE04EC0-301F-11D3-BF4B-00C04F79EFBC}") = "LD47", "LD47\LD47.csproj", "{83E20ED1-63F2-48D6-9297-D54A0E0CB997}"
EndProject
Global
	GlobalSection(SolutionConfigurationPlatforms) = preSolution
		Debug|Any CPU = Debug|Any CPU
		Release|Any CPU = Release|Any CPU
	EndGlobalSection
	GlobalSection(ProjectConfigurationPlatforms) = postSolution
		{83E20ED1-63F2-48D6-9297-D54A0E0CB997}.Debug|Any CPU.ActiveCfg = Debug|Any CPU
		{83E20ED1-63F2-48D6-9297-D54A0E0CB997}.Debug|Any CPU.Build.0 = Debug|Any CPU
		{83E20ED1-63F2-48D6-9297-D54A0E0CB997}.Release|Any CPU.ActiveCfg = Release|Any CPU
		{83E20ED1-63F2-48D6-9297-D54A0E0CB997}.Release|Any CPU.Build.0 = Release|Any CPU
	EndGlobalSection
	GlobalSection(SolutionProperties) = preSolution
		HideSolutionNode = FALSE
	EndGlobalSection
	GlobalSection(ExtensibilityGlobals) = postSolution
		SolutionGuid = {BAEE9135-B500-4872-8521-510CFDB3C888}
	EndGlobalSection
EndGlobal
